<?xml version="1.0" encoding="utf-8"?>
<Project ToolsVersion="4.0" xmlns="http://schemas.microsoft.com/developer/msbuild/2003">
  <ItemGroup>
    <ClCompile Include="src\ofApp.cpp">
      <Filter>src</Filter>
    </ClCompile>
    <ClCompile Include="src\main.cpp">
      <Filter>src</Filter>
    </ClCompile>
    <ClCompile Include="..\..\..\addons\ofxNumpy\libs\cnpy\cnpy.cpp">
      <Filter>addons\ofxNumpy\libs\cnpy</Filter>
    </ClCompile>
    <ClCompile Include="..\..\..\addons\ofxGui\src\ofxBaseGui.cpp">
      <Filter>addons\ofxGui\src</Filter>
    </ClCompile>
    <ClCompile Include="..\..\..\addons\ofxGui\src\ofxButton.cpp">
      <Filter>addons\ofxGui\src</Filter>
    </ClCompile>
    <ClCompile Include="..\..\..\addons\ofxGui\src\ofxGuiGroup.cpp">
      <Filter>addons\ofxGui\src</Filter>
    </ClCompile>
    <ClCompile Include="..\..\..\addons\ofxGui\src\ofxLabel.cpp">
      <Filter>addons\ofxGui\src</Filter>
    </ClCompile>
    <ClCompile Include="..\..\..\addons\ofxGui\src\ofxPanel.cpp">
      <Filter>addons\ofxGui\src</Filter>
    </ClCompile>
    <ClCompile Include="..\..\..\addons\ofxGui\src\ofxSlider.cpp">
      <Filter>addons\ofxGui\src</Filter>
    </ClCompile>
    <ClCompile Include="..\..\..\addons\ofxGui\src\ofxSliderGroup.cpp">
      <Filter>addons\ofxGui\src</Filter>
    </ClCompile>
    <ClCompile Include="..\..\..\addons\ofxGui\src\ofxToggle.cpp">
      <Filter>addons\ofxGui\src</Filter>
    </ClCompile>
    <ClCompile Include="..\..\..\addons\ofxFFT\src\ofxFFTBase.cpp">
      <Filter>addons\ofxFFT\src</Filter>
    </ClCompile>
    <ClCompile Include="..\..\..\addons\ofxFFT\src\ofxFFTFile.cpp">
      <Filter>addons\ofxFFT\src</Filter>
    </ClCompile>
    <ClCompile Include="..\..\..\addons\ofxFFT\src\ofxFFTLive.cpp">
      <Filter>addons\ofxFFT\src</Filter>
    </ClCompile>
    <ClCompile Include="..\..\..\addons\ofxFFT\libs\fft.cpp">
      <Filter>addons\ofxFFT\libs</Filter>
    </ClCompile>
    <ClCompile Include="..\..\..\addons\ofxOsc\src\ofxOscBundle.cpp">
      <Filter>addons\ofxOsc\src</Filter>
    </ClCompile>
    <ClCompile Include="..\..\..\addons\ofxOsc\src\ofxOscMessage.cpp">
      <Filter>addons\ofxOsc\src</Filter>
    </ClCompile>
    <ClCompile Include="..\..\..\addons\ofxOsc\src\ofxOscParameterSync.cpp">
      <Filter>addons\ofxOsc\src</Filter>
    </ClCompile>
    <ClCompile Include="..\..\..\addons\ofxOsc\src\ofxOscReceiver.cpp">
      <Filter>addons\ofxOsc\src</Filter>
    </ClCompile>
    <ClCompile Include="..\..\..\addons\ofxOsc\src\ofxOscSender.cpp">
      <Filter>addons\ofxOsc\src</Filter>
    </ClCompile>
    <ClCompile Include="..\..\..\addons\ofxOsc\libs\oscpack\src\ip\IpEndpointName.cpp">
      <Filter>addons\ofxOsc\libs\oscpack\src\ip</Filter>
    </ClCompile>
    <ClCompile Include="..\..\..\addons\ofxOsc\libs\oscpack\src\ip\win32\NetworkingUtils.cpp">
      <Filter>addons\ofxOsc\libs\oscpack\src\ip\win32</Filter>
    </ClCompile>
    <ClCompile Include="..\..\..\addons\ofxOsc\libs\oscpack\src\ip\win32\UdpSocket.cpp">
      <Filter>addons\ofxOsc\libs\oscpack\src\ip\win32</Filter>
    </ClCompile>
    <ClCompile Include="..\..\..\addons\ofxOsc\libs\oscpack\src\osc\OscOutboundPacketStream.cpp">
      <Filter>addons\ofxOsc\libs\oscpack\src\osc</Filter>
    </ClCompile>
    <ClCompile Include="..\..\..\addons\ofxOsc\libs\oscpack\src\osc\OscPrintReceivedElements.cpp">
      <Filter>addons\ofxOsc\libs\oscpack\src\osc</Filter>
    </ClCompile>
    <ClCompile Include="..\..\..\addons\ofxOsc\libs\oscpack\src\osc\OscReceivedElements.cpp">
      <Filter>addons\ofxOsc\libs\oscpack\src\osc</Filter>
    </ClCompile>
    <ClCompile Include="..\..\..\addons\ofxOsc\libs\oscpack\src\osc\OscTypes.cpp">
      <Filter>addons\ofxOsc\libs\oscpack\src\osc</Filter>
    </ClCompile>
    <ClCompile Include="..\..\..\addons\ofxFluid\src\ofxFluid.cpp">
      <Filter>addons\ofxFluid\src</Filter>
    </ClCompile>
    <ClCompile Include="..\..\..\addons\ofxFx\src\ofxFXObject.cpp">
      <Filter>addons\ofxFx\src</Filter>
    </ClCompile>
  </ItemGroup>
  <ItemGroup>
    <Filter Include="src">
      <UniqueIdentifier>{d8376475-7454-4a24-b08a-aac121d3ad6f}</UniqueIdentifier>
    </Filter>
    <Filter Include="addons">
      <UniqueIdentifier>{71834F65-F3A9-211E-73B8-DC85}</UniqueIdentifier>
    </Filter>
    <Filter Include="addons\ofxNumpy">
      <UniqueIdentifier>{4F628487-E42F-C62B-222E-D297}</UniqueIdentifier>
    </Filter>
    <Filter Include="addons\ofxNumpy\src">
      <UniqueIdentifier>{1FD2BF3C-73A2-EC85-7566-7EDC}</UniqueIdentifier>
    </Filter>
    <Filter Include="addons\ofxNumpy\libs">
      <UniqueIdentifier>{F6829B25-802F-4750-6B6F-E44A}</UniqueIdentifier>
    </Filter>
    <Filter Include="addons\ofxNumpy\libs\cnpy">
      <UniqueIdentifier>{812F177C-7AA2-A8D2-06E5-A393}</UniqueIdentifier>
    </Filter>
    <Filter Include="addons\ofxGui">
      <UniqueIdentifier>{4b44b423-84b1-4a6e-88fd-0205f9aa5bf6}</UniqueIdentifier>
    </Filter>
    <Filter Include="addons\ofxGui\src">
      <UniqueIdentifier>{ba372fab-f572-47c5-8e8d-1cc5799a6701}</UniqueIdentifier>
    </Filter>
    <Filter Include="addons\ofxFFT">
      <UniqueIdentifier>{fa88d8ba-90e6-4e2b-90bb-60fc7d1253af}</UniqueIdentifier>
    </Filter>
    <Filter Include="addons\ofxFFT\src">
      <UniqueIdentifier>{7c9d6eee-f31e-41cb-8e1d-6c3b35e4b285}</UniqueIdentifier>
    </Filter>
    <Filter Include="addons\ofxFFT\libs">
      <UniqueIdentifier>{1b7c444c-807d-4893-8b5e-75e15a1b42cf}</UniqueIdentifier>
    </Filter>
    <Filter Include="addons\ofxOsc">
      <UniqueIdentifier>{4eda080f-6615-4069-ae20-fb4c2afef8fe}</UniqueIdentifier>
    </Filter>
    <Filter Include="addons\ofxOsc\src">
      <UniqueIdentifier>{fe92aee6-c677-4fd9-bc18-8d01d77e5e10}</UniqueIdentifier>
    </Filter>
    <Filter Include="addons\ofxOsc\libs">
      <UniqueIdentifier>{07355dd4-9822-41e7-8087-406e101ad2df}</UniqueIdentifier>
    </Filter>
    <Filter Include="addons\ofxOsc\libs\oscpack">
      <UniqueIdentifier>{e13bb190-6413-4aec-a34f-ebce3f5c3d60}</UniqueIdentifier>
    </Filter>
    <Filter Include="addons\ofxOsc\libs\oscpack\src">
      <UniqueIdentifier>{ec03d789-289e-4f85-81fb-d7894ab7d651}</UniqueIdentifier>
    </Filter>
    <Filter Include="addons\ofxOsc\libs\oscpack\src\ip">
      <UniqueIdentifier>{0c9456f5-b9de-4955-84c9-e9f1bddad3df}</UniqueIdentifier>
    </Filter>
    <Filter Include="addons\ofxOsc\libs\oscpack\src\ip\posix">
      <UniqueIdentifier>{8b9669cf-0354-41c3-84aa-10e880eb3152}</UniqueIdentifier>
    </Filter>
    <Filter Include="addons\ofxOsc\libs\oscpack\src\ip\win32">
      <UniqueIdentifier>{d6d20003-6ff7-4297-b017-2db5a435dc1d}</UniqueIdentifier>
    </Filter>
    <Filter Include="addons\ofxOsc\libs\oscpack\src\osc">
      <UniqueIdentifier>{bd05fc9c-03ec-462f-ab79-8551e936b7b2}</UniqueIdentifier>
    </Filter>
    <Filter Include="addons\ofxPubSubOsc">
      <UniqueIdentifier>{cf416b58-e789-4772-9bb3-afdd4354b97e}</UniqueIdentifier>
    </Filter>
    <Filter Include="addons\ofxPubSubOsc\src">
      <UniqueIdentifier>{74aa3525-e0cd-426e-b6c0-9b6c7662eedc}</UniqueIdentifier>
    </Filter>
    <Filter Include="addons\ofxPubSubOsc\src\details">
      <UniqueIdentifier>{b095e0f1-f7c3-4eca-a3cb-d91034fc4572}</UniqueIdentifier>
    </Filter>
    <Filter Include="addons\ofxFluid">
      <UniqueIdentifier>{55ee255c-700b-47c2-8d8d-f4dbaa7dff50}</UniqueIdentifier>
    </Filter>
    <Filter Include="addons\ofxFluid\src">
      <UniqueIdentifier>{a7e612ab-4204-492c-ba3f-12eb9106070f}</UniqueIdentifier>
    </Filter>
    <Filter Include="addons\ofxFx">
      <UniqueIdentifier>{19fb9324-fedc-4eba-9bc8-8bfc81e9061b}</UniqueIdentifier>
    </Filter>
    <Filter Include="addons\ofxFx\src">
      <UniqueIdentifier>{889afd68-cf94-40dc-9cac-718cc920f5db}</UniqueIdentifier>
    </Filter>
    <Filter Include="addons\ofxFx\src\composers">
      <UniqueIdentifier>{00e74094-1021-4319-a3e6-6db3aa6be548}</UniqueIdentifier>
    </Filter>
    <Filter Include="addons\ofxFx\src\filters">
      <UniqueIdentifier>{a19447d8-e855-4792-a04f-4b9debd44550}</UniqueIdentifier>
    </Filter>
    <Filter Include="addons\ofxFx\src\generative">
      <UniqueIdentifier>{c1d4f9c5-3b85-4b20-8303-d13437a9c103}</UniqueIdentifier>
    </Filter>
    <Filter Include="addons\ofxFx\src\operations">
      <UniqueIdentifier>{dea5a4e4-def5-46ce-997e-a15a668c10d6}</UniqueIdentifier>
    </Filter>
  </ItemGroup>
  <ItemGroup>
    <ClInclude Include="src\ofApp.h">
      <Filter>src</Filter>
    </ClInclude>
    <ClInclude Include="..\..\..\addons\ofxNumpy\src\ofxNumpy.h">
      <Filter>addons\ofxNumpy\src</Filter>
    </ClInclude>
    <ClInclude Include="..\..\..\addons\ofxNumpy\libs\cnpy\cnpy.h">
      <Filter>addons\ofxNumpy\libs\cnpy</Filter>
    </ClInclude>
    <ClInclude Include="..\..\..\addons\ofxGui\src\ofxBaseGui.h">
      <Filter>addons\ofxGui\src</Filter>
    </ClInclude>
    <ClInclude Include="..\..\..\addons\ofxGui\src\ofxButton.h">
      <Filter>addons\ofxGui\src</Filter>
    </ClInclude>
    <ClInclude Include="..\..\..\addons\ofxGui\src\ofxGui.h">
      <Filter>addons\ofxGui\src</Filter>
    </ClInclude>
    <ClInclude Include="..\..\..\addons\ofxGui\src\ofxGuiGroup.h">
      <Filter>addons\ofxGui\src</Filter>
    </ClInclude>
    <ClInclude Include="..\..\..\addons\ofxGui\src\ofxLabel.h">
      <Filter>addons\ofxGui\src</Filter>
    </ClInclude>
    <ClInclude Include="..\..\..\addons\ofxGui\src\ofxPanel.h">
      <Filter>addons\ofxGui\src</Filter>
    </ClInclude>
    <ClInclude Include="..\..\..\addons\ofxGui\src\ofxSlider.h">
      <Filter>addons\ofxGui\src</Filter>
    </ClInclude>
    <ClInclude Include="..\..\..\addons\ofxGui\src\ofxSliderGroup.h">
      <Filter>addons\ofxGui\src</Filter>
    </ClInclude>
    <ClInclude Include="..\..\..\addons\ofxGui\src\ofxToggle.h">
      <Filter>addons\ofxGui\src</Filter>
    </ClInclude>
    <ClInclude Include="..\..\..\addons\ofxFFT\src\ofxFFTBase.h">
      <Filter>addons\ofxFFT\src</Filter>
    </ClInclude>
    <ClInclude Include="..\..\..\addons\ofxFFT\src\ofxFFTFile.h">
      <Filter>addons\ofxFFT\src</Filter>
    </ClInclude>
    <ClInclude Include="..\..\..\addons\ofxFFT\src\ofxFFTLive.h">
      <Filter>addons\ofxFFT\src</Filter>
    </ClInclude>
    <ClInclude Include="..\..\..\addons\ofxFFT\libs\fft.h">
      <Filter>addons\ofxFFT\libs</Filter>
    </ClInclude>
    <ClInclude Include="..\..\..\addons\ofxOsc\src\ofxOsc.h">
      <Filter>addons\ofxOsc\src</Filter>
    </ClInclude>
    <ClInclude Include="..\..\..\addons\ofxOsc\src\ofxOscArg.h">
      <Filter>addons\ofxOsc\src</Filter>
    </ClInclude>
    <ClInclude Include="..\..\..\addons\ofxOsc\src\ofxOscBundle.h">
      <Filter>addons\ofxOsc\src</Filter>
    </ClInclude>
    <ClInclude Include="..\..\..\addons\ofxOsc\src\ofxOscMessage.h">
      <Filter>addons\ofxOsc\src</Filter>
    </ClInclude>
    <ClInclude Include="..\..\..\addons\ofxOsc\src\ofxOscParameterSync.h">
      <Filter>addons\ofxOsc\src</Filter>
    </ClInclude>
    <ClInclude Include="..\..\..\addons\ofxOsc\src\ofxOscReceiver.h">
      <Filter>addons\ofxOsc\src</Filter>
    </ClInclude>
    <ClInclude Include="..\..\..\addons\ofxOsc\src\ofxOscSender.h">
      <Filter>addons\ofxOsc\src</Filter>
    </ClInclude>
    <ClInclude Include="..\..\..\addons\ofxOsc\libs\oscpack\src\ip\IpEndpointName.h">
      <Filter>addons\ofxOsc\libs\oscpack\src\ip</Filter>
    </ClInclude>
    <ClInclude Include="..\..\..\addons\ofxOsc\libs\oscpack\src\ip\NetworkingUtils.h">
      <Filter>addons\ofxOsc\libs\oscpack\src\ip</Filter>
    </ClInclude>
    <ClInclude Include="..\..\..\addons\ofxOsc\libs\oscpack\src\ip\PacketListener.h">
      <Filter>addons\ofxOsc\libs\oscpack\src\ip</Filter>
    </ClInclude>
    <ClInclude Include="..\..\..\addons\ofxOsc\libs\oscpack\src\ip\TimerListener.h">
      <Filter>addons\ofxOsc\libs\oscpack\src\ip</Filter>
    </ClInclude>
    <ClInclude Include="..\..\..\addons\ofxOsc\libs\oscpack\src\ip\UdpSocket.h">
      <Filter>addons\ofxOsc\libs\oscpack\src\ip</Filter>
    </ClInclude>
    <ClInclude Include="..\..\..\addons\ofxOsc\libs\oscpack\src\osc\MessageMappingOscPacketListener.h">
      <Filter>addons\ofxOsc\libs\oscpack\src\osc</Filter>
    </ClInclude>
    <ClInclude Include="..\..\..\addons\ofxOsc\libs\oscpack\src\osc\OscException.h">
      <Filter>addons\ofxOsc\libs\oscpack\src\osc</Filter>
    </ClInclude>
    <ClInclude Include="..\..\..\addons\ofxOsc\libs\oscpack\src\osc\OscHostEndianness.h">
      <Filter>addons\ofxOsc\libs\oscpack\src\osc</Filter>
    </ClInclude>
    <ClInclude Include="..\..\..\addons\ofxOsc\libs\oscpack\src\osc\OscOutboundPacketStream.h">
      <Filter>addons\ofxOsc\libs\oscpack\src\osc</Filter>
    </ClInclude>
    <ClInclude Include="..\..\..\addons\ofxOsc\libs\oscpack\src\osc\OscPacketListener.h">
      <Filter>addons\ofxOsc\libs\oscpack\src\osc</Filter>
    </ClInclude>
    <ClInclude Include="..\..\..\addons\ofxOsc\libs\oscpack\src\osc\OscPrintReceivedElements.h">
      <Filter>addons\ofxOsc\libs\oscpack\src\osc</Filter>
    </ClInclude>
    <ClInclude Include="..\..\..\addons\ofxOsc\libs\oscpack\src\osc\OscReceivedElements.h">
      <Filter>addons\ofxOsc\libs\oscpack\src\osc</Filter>
    </ClInclude>
    <ClInclude Include="..\..\..\addons\ofxOsc\libs\oscpack\src\osc\OscTypes.h">
      <Filter>addons\ofxOsc\libs\oscpack\src\osc</Filter>
    </ClInclude>
    <ClInclude Include="..\..\..\addons\ofxPubSubOsc\src\ofxOscPublisher.h">
      <Filter>addons\ofxPubSubOsc\src</Filter>
    </ClInclude>
    <ClInclude Include="..\..\..\addons\ofxPubSubOsc\src\ofxOscSubscriber.h">
      <Filter>addons\ofxPubSubOsc\src</Filter>
    </ClInclude>
    <ClInclude Include="..\..\..\addons\ofxPubSubOsc\src\ofxPubSubOsc.h">
      <Filter>addons\ofxPubSubOsc\src</Filter>
    </ClInclude>
    <ClInclude Include="..\..\..\addons\ofxPubSubOsc\src\details\ofxpubsubosc_publish_value_wrappers.h">
      <Filter>addons\ofxPubSubOsc\src\details</Filter>
    </ClInclude>
    <ClInclude Include="..\..\..\addons\ofxPubSubOsc\src\details\ofxpubsubosc_settings.h">
      <Filter>addons\ofxPubSubOsc\src\details</Filter>
    </ClInclude>
    <ClInclude Include="..\..\..\addons\ofxPubSubOsc\src\details\ofxpubsubosc_subscribe_value_wrappers.h">
      <Filter>addons\ofxPubSubOsc\src\details</Filter>
    </ClInclude>
    <ClInclude Include="..\..\..\addons\ofxPubSubOsc\src\details\ofxpubsubosc_type_traits.h">
      <Filter>addons\ofxPubSubOsc\src\details</Filter>
    </ClInclude>
    <ClInclude Include="..\..\..\addons\ofxPubSubOsc\src\details\ofxpubsubosc_type_utils.h">
      <Filter>addons\ofxPubSubOsc\src\details</Filter>
    </ClInclude>
    <ClInclude Include="..\..\..\addons\ofxFluid\src\ofxFluid.h">
      <Filter>addons\ofxFluid\src</Filter>
    </ClInclude>
    <ClInclude Include="..\..\..\addons\ofxFx\src\ofxFX.h">
      <Filter>addons\ofxFx\src</Filter>
    </ClInclude>
    <ClInclude Include="..\..\..\addons\ofxFx\src\ofxFXObject.h">
      <Filter>addons\ofxFx\src</Filter>
    </ClInclude>
    <ClInclude Include="..\..\..\addons\ofxFx\src\ofxSwapBuffer.h">
      <Filter>addons\ofxFx\src</Filter>
    </ClInclude>
    <ClInclude Include="..\..\..\addons\ofxFx\src\composers\ofxBlend.h">
      <Filter>addons\ofxFx\src\composers</Filter>
    </ClInclude>
    <ClInclude Include="..\..\..\addons\ofxFx\src\composers\ofxClone.h">
      <Filter>addons\ofxFx\src\composers</Filter>
    </ClInclude>
    <ClInclude Include="..\..\..\addons\ofxFx\src\composers\ofxMask.h">
      <Filter>addons\ofxFx\src\composers</Filter>
    </ClInclude>
    <ClInclude Include="..\..\..\addons\ofxFx\src\composers\ofxMultiTexture.h">
      <Filter>addons\ofxFx\src\composers</Filter>
    </ClInclude>
    <ClInclude Include="..\..\..\addons\ofxFx\src\filters\ofxBarrelChromaAb.h">
      <Filter>addons\ofxFx\src\filters</Filter>
    </ClInclude>
    <ClInclude Include="..\..\..\addons\ofxFx\src\filters\ofxBloom.h">
      <Filter>addons\ofxFx\src\filters</Filter>
    </ClInclude>
    <ClInclude Include="..\..\..\addons\ofxFx\src\filters\ofxBlur.h">
      <Filter>addons\ofxFx\src\filters</Filter>
    </ClInclude>
    <ClInclude Include="..\..\..\addons\ofxFx\src\filters\ofxBokeh.h">
      <Filter>addons\ofxFx\src\filters</Filter>
    </ClInclude>
    <ClInclude Include="..\..\..\addons\ofxFx\src\filters\ofxChromaAb.h">
      <Filter>addons\ofxFx\src\filters</Filter>
    </ClInclude>
    <ClInclude Include="..\..\..\addons\ofxFx\src\filters\ofxChromaGlitch.h">
      <Filter>addons\ofxFx\src\filters</Filter>
    </ClInclude>
    <ClInclude Include="..\..\..\addons\ofxFx\src\filters\ofxContrast.h">
      <Filter>addons\ofxFx\src\filters</Filter>
    </ClInclude>
    <ClInclude Include="..\..\..\addons\ofxFx\src\filters\ofxGaussianBlur.h">
      <Filter>addons\ofxFx\src\filters</Filter>
    </ClInclude>
    <ClInclude Include="..\..\..\addons\ofxFx\src\filters\ofxGlow.h">
      <Filter>addons\ofxFx\src\filters</Filter>
    </ClInclude>
    <ClInclude Include="..\..\..\addons\ofxFx\src\filters\ofxGrayscale.h">
      <Filter>addons\ofxFx\src\filters</Filter>
    </ClInclude>
    <ClInclude Include="..\..\..\addons\ofxFx\src\filters\ofxInverse.h">
      <Filter>addons\ofxFx\src\filters</Filter>
    </ClInclude>
    <ClInclude Include="..\..\..\addons\ofxFx\src\filters\ofxLUT.h">
      <Filter>addons\ofxFx\src\filters</Filter>
    </ClInclude>
    <ClInclude Include="..\..\..\addons\ofxFx\src\filters\ofxMedian.h">
      <Filter>addons\ofxFx\src\filters</Filter>
    </ClInclude>
    <ClInclude Include="..\..\..\addons\ofxFx\src\filters\ofxOldTv.h">
      <Filter>addons\ofxFx\src\filters</Filter>
    </ClInclude>
    <ClInclude Include="..\..\..\addons\ofxFx\src\generative\ofxFBM.h">
      <Filter>addons\ofxFx\src\generative</Filter>
    </ClInclude>
    <ClInclude Include="..\..\..\addons\ofxFx\src\generative\ofxFire.h">
      <Filter>addons\ofxFx\src\generative</Filter>
    </ClInclude>
    <ClInclude Include="..\..\..\addons\ofxFx\src\generative\ofxGrayScott.h">
      <Filter>addons\ofxFx\src\generative</Filter>
    </ClInclude>
    <ClInclude Include="..\..\..\addons\ofxFx\src\generative\ofxNoise.h">
      <Filter>addons\ofxFx\src\generative</Filter>
    </ClInclude>
    <ClInclude Include="..\..\..\addons\ofxFx\src\generative\ofxTint.h">
      <Filter>addons\ofxFx\src\generative</Filter>
    </ClInclude>
    <ClInclude Include="..\..\..\addons\ofxFx\src\operations\ofxAbsDiff.h">
      <Filter>addons\ofxFx\src\operations</Filter>
    </ClInclude>
    <ClInclude Include="..\..\..\addons\ofxFx\src\operations\ofxBounce.h">
      <Filter>addons\ofxFx\src\operations</Filter>
    </ClInclude>
    <ClInclude Include="..\..\..\addons\ofxFx\src\operations\ofxDisplacePixels.h">
      <Filter>addons\ofxFx\src\operations</Filter>
    </ClInclude>
    <ClInclude Include="..\..\..\addons\ofxFx\src\operations\ofxEdgeDetect.h">
      <Filter>addons\ofxFx\src\operations</Filter>
    </ClInclude>
    <ClInclude Include="..\..\..\addons\ofxFx\src\operations\ofxFlow.h">
      <Filter>addons\ofxFx\src\operations</Filter>
    </ClInclude>
    <ClInclude Include="..\..\..\addons\ofxFx\src\operations\ofxNormals.h">
      <Filter>addons\ofxFx\src\operations</Filter>
    </ClInclude>
    <ClInclude Include="..\..\..\addons\ofxFx\src\operations\ofxRipples.h">
      <Filter>addons\ofxFx\src\operations</Filter>
    </ClInclude>
    <ClInclude Include="..\..\..\addons\ofxFx\src\operations\ofxSubstract.h">
      <Filter>addons\ofxFx\src\operations</Filter>
    </ClInclude>
    <ClInclude Include="..\..\..\addons\ofxFx\src\operations\ofxThreshold.h">
      <Filter>addons\ofxFx\src\operations</Filter>
    </ClInclude>
  </ItemGroup>
  <ItemGroup>
    <ResourceCompile Include="icon.rc" />
  </ItemGroup>
  <ItemGroup>
    <None Include="packages.config" />
  </ItemGroup>
</Project>